
Microsoft Visual Studio Solution File, Format Version 12.00
# Visual Studio Version 16
VisualStudioVersion = 16.0.29613.14
MinimumVisualStudioVersion = 10.0.40219.1
Project("{FAE04EC0-301F-11D3-BF4B-00C04F79EFBC}") = "ExOnDataAccessLayer", "ExOnDataAccessLayer.csproj", "{5EC0020D-E451-4B7D-98EC-1E1173373864}"
EndProject
Project("{FAE04EC0-301F-11D3-BF4B-00C04F79EFBC}") = "EXClient", "..\EXClient\EXClient.csproj", "{400B5EFC-A4AD-4669-89B1-813919213AE9}"
EndProject
Global
	GlobalSection(SolutionConfigurationPlatforms) = preSolution
		Debug|Any CPU = Debug|Any CPU
		Release|Any CPU = Release|Any CPU
	EndGlobalSection
	GlobalSection(ProjectConfigurationPlatforms) = postSolution
		{5EC0020D-E451-4B7D-98EC-1E1173373864}.Debug|Any CPU.ActiveCfg = Debug|Any CPU
		{5EC0020D-E451-4B7D-98EC-1E1173373864}.Debug|Any CPU.Build.0 = Debug|Any CPU
		{5EC0020D-E451-4B7D-98EC-1E1173373864}.Release|Any CPU.ActiveCfg = Release|Any CPU
		{5EC0020D-E451-4B7D-98EC-1E1173373864}.Release|Any CPU.Build.0 = Release|Any CPU
		{400B5EFC-A4AD-4669-89B1-813919213AE9}.Debug|Any CPU.ActiveCfg = Debug|Any CPU
		{400B5EFC-A4AD-4669-89B1-813919213AE9}.Debug|Any CPU.Build.0 = Debug|Any CPU
		{400B5EFC-A4AD-4669-89B1-813919213AE9}.Release|Any CPU.ActiveCfg = Release|Any CPU
		{400B5EFC-A4AD-4669-89B1-813919213AE9}.Release|Any CPU.Build.0 = Release|Any CPU
	EndGlobalSection
	GlobalSection(SolutionProperties) = preSolution
		HideSolutionNode = FALSE
	EndGlobalSection
	GlobalSection(ExtensibilityGlobals) = postSolution
		SolutionGuid = {3D8195A1-568E-4A12-826A-E1C1AF29EA19}
	EndGlobalSection
EndGlobal
